
Microsoft Visual Studio Solution File, Format Version 12.00
# Visual Studio Version 17
VisualStudioVersion = 17.7.34221.43
MinimumVisualStudioVersion = 10.0.40219.1
Project("{9A19103F-16F7-4668-BE54-9A1E7A4F7556}") = "GasPrices", "GasPrices\GasPrices.csproj", "{5C55844C-D53C-43E4-B819-18DB4ED4404A}"
EndProject
Project("{9A19103F-16F7-4668-BE54-9A1E7A4F7556}") = "GasPrices.Android", "GasPrices.Android\GasPrices.Android.csproj", "{BE81AF28-8CB9-496B-BA6A-5607181B933D}"
EndProject
Project("{9A19103F-16F7-4668-BE54-9A1E7A4F7556}") = "GasPrices.Desktop", "GasPrices.Desktop\GasPrices.Desktop.csproj", "{F448466B-A51E-4D7D-8736-8CDC8812C0B2}"
EndProject
Project("{9A19103F-16F7-4668-BE54-9A1E7A4F7556}") = "ApiClients", "ApiClients\ApiClients.csproj", "{4D64C08C-C315-46E8-BB3A-B8026660A70F}"
EndProject
Project("{9A19103F-16F7-4668-BE54-9A1E7A4F7556}") = "HttpClient", "HttpClient\HttpClient.csproj", "{BA59D4DE-D462-4F39-ADB2-C32F6A4B96D4}"
EndProject
Project("{2150E333-8FDC-42A3-9474-1A3956D46DE8}") = "Solution Items", "Solution Items", "{B2F29AC3-336E-4B6A-A57D-AD4B6E576FA5}"
	ProjectSection(SolutionItems) = preProject
		.editorconfig = .editorconfig
	EndProjectSection
EndProject
Project("{FAE04EC0-301F-11D3-BF4B-00C04F79EFBC}") = "BrowserInterop", "BrowserInterop\BrowserInterop.csproj", "{75757563-E023-42CB-B1E4-FBDE09E881A2}"
EndProject
Project("{FAE04EC0-301F-11D3-BF4B-00C04F79EFBC}") = "SettingsHandling", "SettingsHandling\SettingsHandling.csproj", "{3C2619A2-C2AC-4439-82B0-3CB654D7F49F}"
EndProject
Project("{FAE04EC0-301F-11D3-BF4B-00C04F79EFBC}") = "GasPrices.Browser", "GasPrices.Browser\GasPrices.Browser.csproj", "{70AAC1FD-FCB7-4FF1-9423-2224BAEEE842}"
EndProject
Project("{FAE04EC0-301F-11D3-BF4B-00C04F79EFBC}") = "GasPrices.iOS", "GasPrices.iOS\GasPrices.iOS.csproj", "{710A2EAE-235D-46F1-BB8E-A5701FD6B9C7}"
EndProject
Global
	GlobalSection(SolutionConfigurationPlatforms) = preSolution
		Debug|Any CPU = Debug|Any CPU
		Debug|ARM64 = Debug|ARM64
		Debug|x64 = Debug|x64
		Release|Any CPU = Release|Any CPU
		Release|ARM64 = Release|ARM64
		Release|x64 = Release|x64
	EndGlobalSection
	GlobalSection(ProjectConfigurationPlatforms) = postSolution
		{5C55844C-D53C-43E4-B819-18DB4ED4404A}.Debug|Any CPU.ActiveCfg = Debug|Any CPU
		{5C55844C-D53C-43E4-B819-18DB4ED4404A}.Debug|Any CPU.Build.0 = Debug|Any CPU
		{5C55844C-D53C-43E4-B819-18DB4ED4404A}.Debug|ARM64.ActiveCfg = Debug|ARM64
		{5C55844C-D53C-43E4-B819-18DB4ED4404A}.Debug|ARM64.Build.0 = Debug|ARM64
		{5C55844C-D53C-43E4-B819-18DB4ED4404A}.Debug|x64.ActiveCfg = Debug|Any CPU
		{5C55844C-D53C-43E4-B819-18DB4ED4404A}.Debug|x64.Build.0 = Debug|Any CPU
		{5C55844C-D53C-43E4-B819-18DB4ED4404A}.Release|Any CPU.ActiveCfg = Release|Any CPU
		{5C55844C-D53C-43E4-B819-18DB4ED4404A}.Release|Any CPU.Build.0 = Release|Any CPU
		{5C55844C-D53C-43E4-B819-18DB4ED4404A}.Release|ARM64.ActiveCfg = Release|ARM64
		{5C55844C-D53C-43E4-B819-18DB4ED4404A}.Release|ARM64.Build.0 = Release|ARM64
		{5C55844C-D53C-43E4-B819-18DB4ED4404A}.Release|x64.ActiveCfg = Release|Any CPU
		{5C55844C-D53C-43E4-B819-18DB4ED4404A}.Release|x64.Build.0 = Release|Any CPU
		{BE81AF28-8CB9-496B-BA6A-5607181B933D}.Debug|Any CPU.ActiveCfg = Debug|Any CPU
		{BE81AF28-8CB9-496B-BA6A-5607181B933D}.Debug|Any CPU.Build.0 = Debug|Any CPU
		{BE81AF28-8CB9-496B-BA6A-5607181B933D}.Debug|Any CPU.Deploy.0 = Debug|Any CPU
		{BE81AF28-8CB9-496B-BA6A-5607181B933D}.Debug|ARM64.ActiveCfg = Debug|ARM64
		{BE81AF28-8CB9-496B-BA6A-5607181B933D}.Debug|ARM64.Build.0 = Debug|ARM64
		{BE81AF28-8CB9-496B-BA6A-5607181B933D}.Debug|ARM64.Deploy.0 = Debug|ARM64
		{BE81AF28-8CB9-496B-BA6A-5607181B933D}.Debug|x64.ActiveCfg = Debug|Any CPU
		{BE81AF28-8CB9-496B-BA6A-5607181B933D}.Debug|x64.Build.0 = Debug|Any CPU
		{BE81AF28-8CB9-496B-BA6A-5607181B933D}.Debug|x64.Deploy.0 = Debug|Any CPU
		{BE81AF28-8CB9-496B-BA6A-5607181B933D}.Release|Any CPU.ActiveCfg = Release|Any CPU
		{BE81AF28-8CB9-496B-BA6A-5607181B933D}.Release|Any CPU.Build.0 = Release|Any CPU
		{BE81AF28-8CB9-496B-BA6A-5607181B933D}.Release|Any CPU.Deploy.0 = Release|Any CPU
		{BE81AF28-8CB9-496B-BA6A-5607181B933D}.Release|ARM64.ActiveCfg = Release|ARM64
		{BE81AF28-8CB9-496B-BA6A-5607181B933D}.Release|ARM64.Build.0 = Release|ARM64
		{BE81AF28-8CB9-496B-BA6A-5607181B933D}.Release|ARM64.Deploy.0 = Release|ARM64
		{BE81AF28-8CB9-496B-BA6A-5607181B933D}.Release|x64.ActiveCfg = Release|Any CPU
		{BE81AF28-8CB9-496B-BA6A-5607181B933D}.Release|x64.Build.0 = Release|Any CPU
		{BE81AF28-8CB9-496B-BA6A-5607181B933D}.Release|x64.Deploy.0 = Release|Any CPU
		{F448466B-A51E-4D7D-8736-8CDC8812C0B2}.Debug|Any CPU.ActiveCfg = Debug|Any CPU
		{F448466B-A51E-4D7D-8736-8CDC8812C0B2}.Debug|Any CPU.Build.0 = Debug|Any CPU
		{F448466B-A51E-4D7D-8736-8CDC8812C0B2}.Debug|ARM64.ActiveCfg = Debug|ARM64
		{F448466B-A51E-4D7D-8736-8CDC8812C0B2}.Debug|ARM64.Build.0 = Debug|ARM64
		{F448466B-A51E-4D7D-8736-8CDC8812C0B2}.Debug|x64.ActiveCfg = Debug|Any CPU
		{F448466B-A51E-4D7D-8736-8CDC8812C0B2}.Debug|x64.Build.0 = Debug|Any CPU
		{F448466B-A51E-4D7D-8736-8CDC8812C0B2}.Release|Any CPU.ActiveCfg = Release|Any CPU
		{F448466B-A51E-4D7D-8736-8CDC8812C0B2}.Release|Any CPU.Build.0 = Release|Any CPU
		{F448466B-A51E-4D7D-8736-8CDC8812C0B2}.Release|ARM64.ActiveCfg = Release|ARM64
		{F448466B-A51E-4D7D-8736-8CDC8812C0B2}.Release|ARM64.Build.0 = Release|ARM64
		{F448466B-A51E-4D7D-8736-8CDC8812C0B2}.Release|x64.ActiveCfg = Release|Any CPU
		{F448466B-A51E-4D7D-8736-8CDC8812C0B2}.Release|x64.Build.0 = Release|Any CPU
		{4D64C08C-C315-46E8-BB3A-B8026660A70F}.Debug|Any CPU.ActiveCfg = Debug|Any CPU
		{4D64C08C-C315-46E8-BB3A-B8026660A70F}.Debug|Any CPU.Build.0 = Debug|Any CPU
		{4D64C08C-C315-46E8-BB3A-B8026660A70F}.Debug|ARM64.ActiveCfg = Debug|Any CPU
		{4D64C08C-C315-46E8-BB3A-B8026660A70F}.Debug|ARM64.Build.0 = Debug|Any CPU
		{4D64C08C-C315-46E8-BB3A-B8026660A70F}.Debug|x64.ActiveCfg = Debug|Any CPU
		{4D64C08C-C315-46E8-BB3A-B8026660A70F}.Debug|x64.Build.0 = Debug|Any CPU
		{4D64C08C-C315-46E8-BB3A-B8026660A70F}.Release|Any CPU.ActiveCfg = Release|Any CPU
		{4D64C08C-C315-46E8-BB3A-B8026660A70F}.Release|Any CPU.Build.0 = Release|Any CPU
		{4D64C08C-C315-46E8-BB3A-B8026660A70F}.Release|ARM64.ActiveCfg = Release|Any CPU
		{4D64C08C-C315-46E8-BB3A-B8026660A70F}.Release|ARM64.Build.0 = Release|Any CPU
		{4D64C08C-C315-46E8-BB3A-B8026660A70F}.Release|x64.ActiveCfg = Release|x64
		{4D64C08C-C315-46E8-BB3A-B8026660A70F}.Release|x64.Build.0 = Release|x64
		{BA59D4DE-D462-4F39-ADB2-C32F6A4B96D4}.Debug|Any CPU.ActiveCfg = Debug|Any CPU
		{BA59D4DE-D462-4F39-ADB2-C32F6A4B96D4}.Debug|Any CPU.Build.0 = Debug|Any CPU
		{BA59D4DE-D462-4F39-ADB2-C32F6A4B96D4}.Debug|ARM64.ActiveCfg = Debug|Any CPU
		{BA59D4DE-D462-4F39-ADB2-C32F6A4B96D4}.Debug|ARM64.Build.0 = Debug|Any CPU
		{BA59D4DE-D462-4F39-ADB2-C32F6A4B96D4}.Debug|x64.ActiveCfg = Debug|Any CPU
		{BA59D4DE-D462-4F39-ADB2-C32F6A4B96D4}.Debug|x64.Build.0 = Debug|Any CPU
		{BA59D4DE-D462-4F39-ADB2-C32F6A4B96D4}.Release|Any CPU.ActiveCfg = Release|Any CPU
		{BA59D4DE-D462-4F39-ADB2-C32F6A4B96D4}.Release|Any CPU.Build.0 = Release|Any CPU
		{BA59D4DE-D462-4F39-ADB2-C32F6A4B96D4}.Release|ARM64.ActiveCfg = Release|Any CPU
		{BA59D4DE-D462-4F39-ADB2-C32F6A4B96D4}.Release|ARM64.Build.0 = Release|Any CPU
		{BA59D4DE-D462-4F39-ADB2-C32F6A4B96D4}.Release|x64.ActiveCfg = Release|Any CPU
		{BA59D4DE-D462-4F39-ADB2-C32F6A4B96D4}.Release|x64.Build.0 = Release|Any CPU
		{75757563-E023-42CB-B1E4-FBDE09E881A2}.Debug|Any CPU.ActiveCfg = Debug|Any CPU
		{75757563-E023-42CB-B1E4-FBDE09E881A2}.Debug|Any CPU.Build.0 = Debug|Any CPU
		{75757563-E023-42CB-B1E4-FBDE09E881A2}.Debug|ARM64.ActiveCfg = Debug|Any CPU
		{75757563-E023-42CB-B1E4-FBDE09E881A2}.Debug|ARM64.Build.0 = Debug|Any CPU
		{75757563-E023-42CB-B1E4-FBDE09E881A2}.Debug|x64.ActiveCfg = Debug|Any CPU
		{75757563-E023-42CB-B1E4-FBDE09E881A2}.Debug|x64.Build.0 = Debug|Any CPU
		{75757563-E023-42CB-B1E4-FBDE09E881A2}.Release|Any CPU.ActiveCfg = Release|Any CPU
		{75757563-E023-42CB-B1E4-FBDE09E881A2}.Release|Any CPU.Build.0 = Release|Any CPU
		{75757563-E023-42CB-B1E4-FBDE09E881A2}.Release|ARM64.ActiveCfg = Release|Any CPU
		{75757563-E023-42CB-B1E4-FBDE09E881A2}.Release|ARM64.Build.0 = Release|Any CPU
		{75757563-E023-42CB-B1E4-FBDE09E881A2}.Release|x64.ActiveCfg = Release|Any CPU
		{75757563-E023-42CB-B1E4-FBDE09E881A2}.Release|x64.Build.0 = Release|Any CPU
		{3C2619A2-C2AC-4439-82B0-3CB654D7F49F}.Debug|Any CPU.ActiveCfg = Debug|Any CPU
		{3C2619A2-C2AC-4439-82B0-3CB654D7F49F}.Debug|Any CPU.Build.0 = Debug|Any CPU
		{3C2619A2-C2AC-4439-82B0-3CB654D7F49F}.Debug|ARM64.ActiveCfg = Debug|Any CPU
		{3C2619A2-C2AC-4439-82B0-3CB654D7F49F}.Debug|ARM64.Build.0 = Debug|Any CPU
		{3C2619A2-C2AC-4439-82B0-3CB654D7F49F}.Debug|x64.ActiveCfg = Debug|Any CPU
		{3C2619A2-C2AC-4439-82B0-3CB654D7F49F}.Debug|x64.Build.0 = Debug|Any CPU
		{3C2619A2-C2AC-4439-82B0-3CB654D7F49F}.Release|Any CPU.ActiveCfg = Release|Any CPU
		{3C2619A2-C2AC-4439-82B0-3CB654D7F49F}.Release|Any CPU.Build.0 = Release|Any CPU
		{3C2619A2-C2AC-4439-82B0-3CB654D7F49F}.Release|ARM64.ActiveCfg = Release|Any CPU
		{3C2619A2-C2AC-4439-82B0-3CB654D7F49F}.Release|ARM64.Build.0 = Release|Any CPU
		{3C2619A2-C2AC-4439-82B0-3CB654D7F49F}.Release|x64.ActiveCfg = Release|Any CPU
		{3C2619A2-C2AC-4439-82B0-3CB654D7F49F}.Release|x64.Build.0 = Release|Any CPU
		{70AAC1FD-FCB7-4FF1-9423-2224BAEEE842}.Debug|Any CPU.ActiveCfg = Debug|Any CPU
		{70AAC1FD-FCB7-4FF1-9423-2224BAEEE842}.Debug|Any CPU.Build.0 = Debug|Any CPU
		{70AAC1FD-FCB7-4FF1-9423-2224BAEEE842}.Debug|ARM64.ActiveCfg = Debug|Any CPU
		{70AAC1FD-FCB7-4FF1-9423-2224BAEEE842}.Debug|ARM64.Build.0 = Debug|Any CPU
		{70AAC1FD-FCB7-4FF1-9423-2224BAEEE842}.Debug|x64.ActiveCfg = Debug|Any CPU
		{70AAC1FD-FCB7-4FF1-9423-2224BAEEE842}.Debug|x64.Build.0 = Debug|Any CPU
		{70AAC1FD-FCB7-4FF1-9423-2224BAEEE842}.Release|Any CPU.ActiveCfg = Release|Any CPU
		{70AAC1FD-FCB7-4FF1-9423-2224BAEEE842}.Release|Any CPU.Build.0 = Release|Any CPU
		{70AAC1FD-FCB7-4FF1-9423-2224BAEEE842}.Release|ARM64.ActiveCfg = Release|Any CPU
		{70AAC1FD-FCB7-4FF1-9423-2224BAEEE842}.Release|ARM64.Build.0 = Release|Any CPU
		{70AAC1FD-FCB7-4FF1-9423-2224BAEEE842}.Release|x64.ActiveCfg = Release|Any CPU
		{70AAC1FD-FCB7-4FF1-9423-2224BAEEE842}.Release|x64.Build.0 = Release|Any CPU
		{710A2EAE-235D-46F1-BB8E-A5701FD6B9C7}.Debug|Any CPU.ActiveCfg = Debug|Any CPU
		{710A2EAE-235D-46F1-BB8E-A5701FD6B9C7}.Debug|Any CPU.Build.0 = Debug|Any CPU
		{710A2EAE-235D-46F1-BB8E-A5701FD6B9C7}.Debug|ARM64.ActiveCfg = Debug|ARM64
		{710A2EAE-235D-46F1-BB8E-A5701FD6B9C7}.Debug|ARM64.Build.0 = Debug|ARM64
		{710A2EAE-235D-46F1-BB8E-A5701FD6B9C7}.Debug|x64.ActiveCfg = Debug|Any CPU
		{710A2EAE-235D-46F1-BB8E-A5701FD6B9C7}.Debug|x64.Build.0 = Debug|Any CPU
		{710A2EAE-235D-46F1-BB8E-A5701FD6B9C7}.Release|Any CPU.ActiveCfg = Release|Any CPU
		{710A2EAE-235D-46F1-BB8E-A5701FD6B9C7}.Release|Any CPU.Build.0 = Release|Any CPU
		{710A2EAE-235D-46F1-BB8E-A5701FD6B9C7}.Release|ARM64.ActiveCfg = Release|ARM64
		{710A2EAE-235D-46F1-BB8E-A5701FD6B9C7}.Release|ARM64.Build.0 = Release|ARM64
		{710A2EAE-235D-46F1-BB8E-A5701FD6B9C7}.Release|x64.ActiveCfg = Release|Any CPU
		{710A2EAE-235D-46F1-BB8E-A5701FD6B9C7}.Release|x64.Build.0 = Release|Any CPU
	EndGlobalSection
	GlobalSection(SolutionProperties) = preSolution
		HideSolutionNode = FALSE
	EndGlobalSection
	GlobalSection(ExtensibilityGlobals) = postSolution
		SolutionGuid = {CFF01DD6-0E5E-4632-B2CE-2FDAAF84747B}
	EndGlobalSection
EndGlobal
